
Microsoft Visual Studio Solution File, Format Version 12.00
# Visual Studio Version 17
VisualStudioVersion = 17.0.31903.59
MinimumVisualStudioVersion = 10.0.40219.1
Project("{2150E333-8FDC-42A3-9474-1A3956D46DE8}") = "src", "src", "{C480B6FF-3BAE-424D-9FB9-C22BE79DD666}"
EndProject
Project("{FAE04EC0-301F-11D3-BF4B-00C04F79EFBC}") = "jwt", "src\jwt\jwt.csproj", "{CFF08E42-9DFA-4ADA-9FC6-58782CB49CCE}"
EndProject
Project("{2150E333-8FDC-42A3-9474-1A3956D46DE8}") = "test", "test", "{A5616CE5-661C-41C7-82CB-39631D980274}"
EndProject
Project("{FAE04EC0-301F-11D3-BF4B-00C04F79EFBC}") = "jwt.Test", "test\jwt.Test\jwt.Test.csproj", "{3D301966-BD6A-4318-A98B-5CFD404B12C4}"
EndProject
Project("{FAE04EC0-301F-11D3-BF4B-00C04F79EFBC}") = "benchmark", "benchmark\benchmark.csproj", "{3D7251F3-7A4C-460A-A148-7802E0089C63}"
EndProject
Project("{FAE04EC0-301F-11D3-BF4B-00C04F79EFBC}") = "jwt.RFC7519.Test", "test\jwt.RFC7519.Test\jwt.RFC7519.Test.csproj", "{C8787B7A-AD47-4705-AD8A-BFC7A869FB73}"
EndProject
Project("{FAE04EC0-301F-11D3-BF4B-00C04F79EFBC}") = "jwt.RFC7515.Test", "test\jwt.RFC7515.Test\jwt.RFC7515.Test.csproj", "{289A8EAA-DA64-4F23-ADCB-2639DD521FED}"
EndProject
Global
	GlobalSection(SolutionConfigurationPlatforms) = preSolution
		Debug|Any CPU = Debug|Any CPU
		Release|Any CPU = Release|Any CPU
	EndGlobalSection
	GlobalSection(SolutionProperties) = preSolution
		HideSolutionNode = FALSE
	EndGlobalSection
	GlobalSection(ProjectConfigurationPlatforms) = postSolution
		{CFF08E42-9DFA-4ADA-9FC6-58782CB49CCE}.Debug|Any CPU.ActiveCfg = Debug|Any CPU
		{CFF08E42-9DFA-4ADA-9FC6-58782CB49CCE}.Debug|Any CPU.Build.0 = Debug|Any CPU
		{CFF08E42-9DFA-4ADA-9FC6-58782CB49CCE}.Release|Any CPU.ActiveCfg = Release|Any CPU
		{CFF08E42-9DFA-4ADA-9FC6-58782CB49CCE}.Release|Any CPU.Build.0 = Release|Any CPU
		{3D301966-BD6A-4318-A98B-5CFD404B12C4}.Debug|Any CPU.ActiveCfg = Debug|Any CPU
		{3D301966-BD6A-4318-A98B-5CFD404B12C4}.Debug|Any CPU.Build.0 = Debug|Any CPU
		{3D301966-BD6A-4318-A98B-5CFD404B12C4}.Release|Any CPU.ActiveCfg = Release|Any CPU
		{3D301966-BD6A-4318-A98B-5CFD404B12C4}.Release|Any CPU.Build.0 = Release|Any CPU
		{3D7251F3-7A4C-460A-A148-7802E0089C63}.Debug|Any CPU.ActiveCfg = Debug|Any CPU
		{3D7251F3-7A4C-460A-A148-7802E0089C63}.Debug|Any CPU.Build.0 = Debug|Any CPU
		{3D7251F3-7A4C-460A-A148-7802E0089C63}.Release|Any CPU.ActiveCfg = Release|Any CPU
		{3D7251F3-7A4C-460A-A148-7802E0089C63}.Release|Any CPU.Build.0 = Release|Any CPU
		{C8787B7A-AD47-4705-AD8A-BFC7A869FB73}.Debug|Any CPU.ActiveCfg = Debug|Any CPU
		{C8787B7A-AD47-4705-AD8A-BFC7A869FB73}.Debug|Any CPU.Build.0 = Debug|Any CPU
		{C8787B7A-AD47-4705-AD8A-BFC7A869FB73}.Release|Any CPU.ActiveCfg = Release|Any CPU
		{C8787B7A-AD47-4705-AD8A-BFC7A869FB73}.Release|Any CPU.Build.0 = Release|Any CPU
		{289A8EAA-DA64-4F23-ADCB-2639DD521FED}.Debug|Any CPU.ActiveCfg = Debug|Any CPU
		{289A8EAA-DA64-4F23-ADCB-2639DD521FED}.Debug|Any CPU.Build.0 = Debug|Any CPU
		{289A8EAA-DA64-4F23-ADCB-2639DD521FED}.Release|Any CPU.ActiveCfg = Release|Any CPU
		{289A8EAA-DA64-4F23-ADCB-2639DD521FED}.Release|Any CPU.Build.0 = Release|Any CPU
	EndGlobalSection
	GlobalSection(NestedProjects) = preSolution
		{CFF08E42-9DFA-4ADA-9FC6-58782CB49CCE} = {C480B6FF-3BAE-424D-9FB9-C22BE79DD666}
		{3D301966-BD6A-4318-A98B-5CFD404B12C4} = {A5616CE5-661C-41C7-82CB-39631D980274}
		{C8787B7A-AD47-4705-AD8A-BFC7A869FB73} = {A5616CE5-661C-41C7-82CB-39631D980274}
		{289A8EAA-DA64-4F23-ADCB-2639DD521FED} = {A5616CE5-661C-41C7-82CB-39631D980274}
	EndGlobalSection
EndGlobal
